
Microsoft Visual Studio Solution File, Format Version 11.00
# Visual Studio 2010
Project("{FAE04EC0-301F-11D3-BF4B-00C04F79EFBC}") = "Assembly-CSharp-firstpass", "Assembly-CSharp-firstpass.csproj", "{47BCECDE-99F3-CF27-56C6-40D30B02668C}"
EndProject
Project("{FAE04EC0-301F-11D3-BF4B-00C04F79EFBC}") = "Assembly-CSharp", "Assembly-CSharp.csproj", "{AB40B3AE-6C9A-B1E1-B01B-22B1E324FC0E}"
EndProject
Project("{FAE04EC0-301F-11D3-BF4B-00C04F79EFBC}") = "Assembly-CSharp-Editor-firstpass", "Assembly-CSharp-Editor-firstpass.csproj", "{ED956FCE-5BA5-35C6-48DE-65A0E4B32073}"
EndProject
Global
	GlobalSection(SolutionConfigurationPlatforms) = preSolution
		Debug|Any CPU = Debug|Any CPU
		Release|Any CPU = Release|Any CPU
	EndGlobalSection
	GlobalSection(ProjectConfigurationPlatforms) = postSolution
		{47BCECDE-99F3-CF27-56C6-40D30B02668C}.Debug|Any CPU.ActiveCfg = Debug|Any CPU
		{47BCECDE-99F3-CF27-56C6-40D30B02668C}.Debug|Any CPU.Build.0 = Debug|Any CPU
		{47BCECDE-99F3-CF27-56C6-40D30B02668C}.Release|Any CPU.ActiveCfg = Release|Any CPU
		{47BCECDE-99F3-CF27-56C6-40D30B02668C}.Release|Any CPU.Build.0 = Release|Any CPU
		{AB40B3AE-6C9A-B1E1-B01B-22B1E324FC0E}.Debug|Any CPU.ActiveCfg = Debug|Any CPU
		{AB40B3AE-6C9A-B1E1-B01B-22B1E324FC0E}.Debug|Any CPU.Build.0 = Debug|Any CPU
		{AB40B3AE-6C9A-B1E1-B01B-22B1E324FC0E}.Release|Any CPU.ActiveCfg = Release|Any CPU
		{AB40B3AE-6C9A-B1E1-B01B-22B1E324FC0E}.Release|Any CPU.Build.0 = Release|Any CPU
		{ED956FCE-5BA5-35C6-48DE-65A0E4B32073}.Debug|Any CPU.ActiveCfg = Debug|Any CPU
		{ED956FCE-5BA5-35C6-48DE-65A0E4B32073}.Debug|Any CPU.Build.0 = Debug|Any CPU
		{ED956FCE-5BA5-35C6-48DE-65A0E4B32073}.Release|Any CPU.ActiveCfg = Release|Any CPU
		{ED956FCE-5BA5-35C6-48DE-65A0E4B32073}.Release|Any CPU.Build.0 = Release|Any CPU
	EndGlobalSection
	GlobalSection(SolutionProperties) = preSolution
		HideSolutionNode = FALSE
	EndGlobalSection
EndGlobal
