
Microsoft Visual Studio Solution File, Format Version 11.00
# Visual Studio 2010
Project("{FAE04EC0-301F-11D3-BF4B-00C04F79EFBC}") = "Assembly-CSharp", "Assembly-CSharp.csproj", "{5BB0AFCB-AE7D-4A53-F415-A6A8A9F34919}"
EndProject
Project("{FAE04EC0-301F-11D3-BF4B-00C04F79EFBC}") = "Assembly-CSharp-firstpass", "Assembly-CSharp-firstpass.csproj", "{550022AC-267C-A461-A253-EBA4A5F9FED6}"
EndProject
Project("{FAE04EC0-301F-11D3-BF4B-00C04F79EFBC}") = "Assembly-CSharp-Editor", "Assembly-CSharp-Editor.csproj", "{7EDD2421-D73D-BC64-2DB8-FA6CE8597A89}"
EndProject
Global
	GlobalSection(SolutionConfigurationPlatforms) = preSolution
		Debug|Any CPU = Debug|Any CPU
		Release|Any CPU = Release|Any CPU
	EndGlobalSection
	GlobalSection(ProjectConfigurationPlatforms) = postSolution
		{5BB0AFCB-AE7D-4A53-F415-A6A8A9F34919}.Debug|Any CPU.ActiveCfg = Debug|Any CPU
		{5BB0AFCB-AE7D-4A53-F415-A6A8A9F34919}.Debug|Any CPU.Build.0 = Debug|Any CPU
		{5BB0AFCB-AE7D-4A53-F415-A6A8A9F34919}.Release|Any CPU.ActiveCfg = Release|Any CPU
		{5BB0AFCB-AE7D-4A53-F415-A6A8A9F34919}.Release|Any CPU.Build.0 = Release|Any CPU
		{550022AC-267C-A461-A253-EBA4A5F9FED6}.Debug|Any CPU.ActiveCfg = Debug|Any CPU
		{550022AC-267C-A461-A253-EBA4A5F9FED6}.Debug|Any CPU.Build.0 = Debug|Any CPU
		{550022AC-267C-A461-A253-EBA4A5F9FED6}.Release|Any CPU.ActiveCfg = Release|Any CPU
		{550022AC-267C-A461-A253-EBA4A5F9FED6}.Release|Any CPU.Build.0 = Release|Any CPU
		{7EDD2421-D73D-BC64-2DB8-FA6CE8597A89}.Debug|Any CPU.ActiveCfg = Debug|Any CPU
		{7EDD2421-D73D-BC64-2DB8-FA6CE8597A89}.Debug|Any CPU.Build.0 = Debug|Any CPU
		{7EDD2421-D73D-BC64-2DB8-FA6CE8597A89}.Release|Any CPU.ActiveCfg = Release|Any CPU
		{7EDD2421-D73D-BC64-2DB8-FA6CE8597A89}.Release|Any CPU.Build.0 = Release|Any CPU
	EndGlobalSection
	GlobalSection(SolutionProperties) = preSolution
		HideSolutionNode = FALSE
	EndGlobalSection
EndGlobal
